// !$*UTF8*$!
{
	archiveVersion = 1;
	classes = {
	};
	objectVersion = 51;
	objects = {

/* Begin PBXBuildFile section */
		7829F804239E6C7100797291 /* DetailPresenter.swift in Sources */ = {isa = PBXBuildFile; fileRef = 7829F803239E6C7100797291 /* DetailPresenter.swift */; };
		7829F809239E71AD00797291 /* DetailViewController.swift in Sources */ = {isa = PBXBuildFile; fileRef = 7829F807239E71AD00797291 /* DetailViewController.swift */; };
		7829F80A239E71AD00797291 /* DetailViewController.xib in Resources */ = {isa = PBXBuildFile; fileRef = 7829F808239E71AD00797291 /* DetailViewController.xib */; };
		7829F80C239E8EA200797291 /* RealmService.swift in Sources */ = {isa = PBXBuildFile; fileRef = 7829F80B239E8EA200797291 /* RealmService.swift */; };
		786E3C0D23A00E9A007223CE /* MainTableViewCell.swift in Sources */ = {isa = PBXBuildFile; fileRef = 786E3C0B23A00E9A007223CE /* MainTableViewCell.swift */; };
		786E3C0E23A00E9A007223CE /* MainTableViewCell.xib in Resources */ = {isa = PBXBuildFile; fileRef = 786E3C0C23A00E9A007223CE /* MainTableViewCell.xib */; };
		786F3614239A6F8A00F86DA3 /* AppDelegate.swift in Sources */ = {isa = PBXBuildFile; fileRef = 786F3613239A6F8A00F86DA3 /* AppDelegate.swift */; };
		786F3616239A6F8A00F86DA3 /* SceneDelegate.swift in Sources */ = {isa = PBXBuildFile; fileRef = 786F3615239A6F8A00F86DA3 /* SceneDelegate.swift */; };
		786F3618239A6F8A00F86DA3 /* MainViewController.swift in Sources */ = {isa = PBXBuildFile; fileRef = 786F3617239A6F8A00F86DA3 /* MainViewController.swift */; };
		786F361B239A6F8A00F86DA3 /* Main.storyboard in Resources */ = {isa = PBXBuildFile; fileRef = 786F3619239A6F8A00F86DA3 /* Main.storyboard */; };
		786F361D239A6F8C00F86DA3 /* Assets.xcassets in Resources */ = {isa = PBXBuildFile; fileRef = 786F361C239A6F8C00F86DA3 /* Assets.xcassets */; };
		786F3620239A6F8C00F86DA3 /* LaunchScreen.storyboard in Resources */ = {isa = PBXBuildFile; fileRef = 786F361E239A6F8C00F86DA3 /* LaunchScreen.storyboard */; };
		786F3628239A788300F86DA3 /* Currency.swift in Sources */ = {isa = PBXBuildFile; fileRef = 786F3627239A788300F86DA3 /* Currency.swift */; };
		786F362A239A792F00F86DA3 /* MainPresenter.swift in Sources */ = {isa = PBXBuildFile; fileRef = 786F3629239A792F00F86DA3 /* MainPresenter.swift */; };
		786F3630239A86B300F86DA3 /* MainViewController.xib in Resources */ = {isa = PBXBuildFile; fileRef = 786F362F239A86B300F86DA3 /* MainViewController.xib */; };
		786F3632239A895600F86DA3 /* ModuleBuilder.swift in Sources */ = {isa = PBXBuildFile; fileRef = 786F3631239A895600F86DA3 /* ModuleBuilder.swift */; };
		786F3634239A9B4A00F86DA3 /* NetworkService.swift in Sources */ = {isa = PBXBuildFile; fileRef = 786F3633239A9B4A00F86DA3 /* NetworkService.swift */; };
		A45B08146C15D7CEBCB7D902 /* Pods_Exchange_Rates_Test_App.framework in Frameworks */ = {isa = PBXBuildFile; fileRef = 6304B302EAFB06404CF02F78 /* Pods_Exchange_Rates_Test_App.framework */; };
/* End PBXBuildFile section */

/* Begin PBXFileReference section */
		22A95BE503FA45D0AA877B1E /* Pods-Exchange Rates Test App.release.xcconfig */ = {isa = PBXFileReference; includeInIndex = 1; lastKnownFileType = text.xcconfig; name = "Pods-Exchange Rates Test App.release.xcconfig"; path = "Target Support Files/Pods-Exchange Rates Test App/Pods-Exchange Rates Test App.release.xcconfig"; sourceTree = "<group>"; };
		3958C5DB7DB827C939CB3452 /* Pods-Exchange Rates Test App.debug.xcconfig */ = {isa = PBXFileReference; includeInIndex = 1; lastKnownFileType = text.xcconfig; name = "Pods-Exchange Rates Test App.debug.xcconfig"; path = "Target Support Files/Pods-Exchange Rates Test App/Pods-Exchange Rates Test App.debug.xcconfig"; sourceTree = "<group>"; };
		6304B302EAFB06404CF02F78 /* Pods_Exchange_Rates_Test_App.framework */ = {isa = PBXFileReference; explicitFileType = wrapper.framework; includeInIndex = 0; path = Pods_Exchange_Rates_Test_App.framework; sourceTree = BUILT_PRODUCTS_DIR; };
		7829F803239E6C7100797291 /* DetailPresenter.swift */ = {isa = PBXFileReference; lastKnownFileType = sourcecode.swift; path = DetailPresenter.swift; sourceTree = "<group>"; };
		7829F807239E71AD00797291 /* DetailViewController.swift */ = {isa = PBXFileReference; lastKnownFileType = sourcecode.swift; path = DetailViewController.swift; sourceTree = "<group>"; };
		7829F808239E71AD00797291 /* DetailViewController.xib */ = {isa = PBXFileReference; lastKnownFileType = file.xib; path = DetailViewController.xib; sourceTree = "<group>"; };
		7829F80B239E8EA200797291 /* RealmService.swift */ = {isa = PBXFileReference; lastKnownFileType = sourcecode.swift; path = RealmService.swift; sourceTree = "<group>"; };
		786E3C0B23A00E9A007223CE /* MainTableViewCell.swift */ = {isa = PBXFileReference; lastKnownFileType = sourcecode.swift; path = MainTableViewCell.swift; sourceTree = "<group>"; };
		786E3C0C23A00E9A007223CE /* MainTableViewCell.xib */ = {isa = PBXFileReference; lastKnownFileType = file.xib; path = MainTableViewCell.xib; sourceTree = "<group>"; };
		786F3610239A6F8900F86DA3 /* Exchange Rates Test App.app */ = {isa = PBXFileReference; explicitFileType = wrapper.application; includeInIndex = 0; path = "Exchange Rates Test App.app"; sourceTree = BUILT_PRODUCTS_DIR; };
		786F3613239A6F8A00F86DA3 /* AppDelegate.swift */ = {isa = PBXFileReference; lastKnownFileType = sourcecode.swift; path = AppDelegate.swift; sourceTree = "<group>"; };
		786F3615239A6F8A00F86DA3 /* SceneDelegate.swift */ = {isa = PBXFileReference; lastKnownFileType = sourcecode.swift; path = SceneDelegate.swift; sourceTree = "<group>"; };
		786F3617239A6F8A00F86DA3 /* MainViewController.swift */ = {isa = PBXFileReference; lastKnownFileType = sourcecode.swift; path = MainViewController.swift; sourceTree = "<group>"; };
		786F361A239A6F8A00F86DA3 /* Base */ = {isa = PBXFileReference; lastKnownFileType = file.storyboard; name = Base; path = Base.lproj/Main.storyboard; sourceTree = "<group>"; };
		786F361C239A6F8C00F86DA3 /* Assets.xcassets */ = {isa = PBXFileReference; lastKnownFileType = folder.assetcatalog; path = Assets.xcassets; sourceTree = "<group>"; };
		786F361F239A6F8C00F86DA3 /* Base */ = {isa = PBXFileReference; lastKnownFileType = file.storyboard; name = Base; path = Base.lproj/LaunchScreen.storyboard; sourceTree = "<group>"; };
		786F3621239A6F8C00F86DA3 /* Info.plist */ = {isa = PBXFileReference; lastKnownFileType = text.plist.xml; path = Info.plist; sourceTree = "<group>"; };
		786F3627239A788300F86DA3 /* Currency.swift */ = {isa = PBXFileReference; lastKnownFileType = sourcecode.swift; path = Currency.swift; sourceTree = "<group>"; };
		786F3629239A792F00F86DA3 /* MainPresenter.swift */ = {isa = PBXFileReference; lastKnownFileType = sourcecode.swift; path = MainPresenter.swift; sourceTree = "<group>"; };
		786F362F239A86B300F86DA3 /* MainViewController.xib */ = {isa = PBXFileReference; lastKnownFileType = file.xib; path = MainViewController.xib; sourceTree = "<group>"; };
		786F3631239A895600F86DA3 /* ModuleBuilder.swift */ = {isa = PBXFileReference; lastKnownFileType = sourcecode.swift; path = ModuleBuilder.swift; sourceTree = "<group>"; };
		786F3633239A9B4A00F86DA3 /* NetworkService.swift */ = {isa = PBXFileReference; lastKnownFileType = sourcecode.swift; path = NetworkService.swift; sourceTree = "<group>"; };
/* End PBXFileReference section */

/* Begin PBXFrameworksBuildPhase section */
		786F360D239A6F8900F86DA3 /* Frameworks */ = {
			isa = PBXFrameworksBuildPhase;
			buildActionMask = 2147483647;
			files = (
				A45B08146C15D7CEBCB7D902 /* Pods_Exchange_Rates_Test_App.framework in Frameworks */,
			);
			runOnlyForDeploymentPostprocessing = 0;
		};
/* End PBXFrameworksBuildPhase section */

/* Begin PBXGroup section */
		534515C5B2C979B29FBD3AC3 /* Frameworks */ = {
			isa = PBXGroup;
			children = (
				6304B302EAFB06404CF02F78 /* Pods_Exchange_Rates_Test_App.framework */,
			);
			name = Frameworks;
			sourceTree = "<group>";
		};
		780ECA2523A0EC82008C7C50 /* App */ = {
			isa = PBXGroup;
			children = (
				786F3613239A6F8A00F86DA3 /* AppDelegate.swift */,
				786F3615239A6F8A00F86DA3 /* SceneDelegate.swift */,
				786F361C239A6F8C00F86DA3 /* Assets.xcassets */,
				786F3619239A6F8A00F86DA3 /* Main.storyboard */,
				786F361E239A6F8C00F86DA3 /* LaunchScreen.storyboard */,
			);
			path = App;
			sourceTree = "<group>";
		};
		7829F7FE239E693A00797291 /* DetailModule */ = {
			isa = PBXGroup;
			children = (
				7829F802239E69B600797291 /* View */,
				7829F801239E69AD00797291 /* Presenter */,
			);
			path = DetailModule;
			sourceTree = "<group>";
		};
		7829F801239E69AD00797291 /* Presenter */ = {
			isa = PBXGroup;
			children = (
				7829F803239E6C7100797291 /* DetailPresenter.swift */,
			);
			path = Presenter;
			sourceTree = "<group>";
		};
		7829F802239E69B600797291 /* View */ = {
			isa = PBXGroup;
			children = (
				7829F807239E71AD00797291 /* DetailViewController.swift */,
				7829F808239E71AD00797291 /* DetailViewController.xib */,
			);
			path = View;
			sourceTree = "<group>";
		};
		786F3607239A6F8900F86DA3 = {
			isa = PBXGroup;
			children = (
				786F3612239A6F8A00F86DA3 /* Exchange Rates Test App */,
				786F3611239A6F8900F86DA3 /* Products */,
				F3615D53DE7554E5C6D33D0C /* Pods */,
				534515C5B2C979B29FBD3AC3 /* Frameworks */,
			);
			sourceTree = "<group>";
		};
		786F3611239A6F8900F86DA3 /* Products */ = {
			isa = PBXGroup;
			children = (
				786F3610239A6F8900F86DA3 /* Exchange Rates Test App.app */,
			);
			name = Products;
			sourceTree = "<group>";
		};
		786F3612239A6F8A00F86DA3 /* Exchange Rates Test App */ = {
			isa = PBXGroup;
			children = (
				786F3621239A6F8C00F86DA3 /* Info.plist */,
				780ECA2523A0EC82008C7C50 /* App */,
				7829F7FE239E693A00797291 /* DetailModule */,
				786F362B239A793F00F86DA3 /* MainModule */,
				786F3635239A9B5A00F86DA3 /* ServiceLayer */,
			);
			path = "Exchange Rates Test App";
			sourceTree = "<group>";
		};
		786F362B239A793F00F86DA3 /* MainModule */ = {
			isa = PBXGroup;
			children = (
				786F362E239A865600F86DA3 /* Model */,
				786F362D239A863E00F86DA3 /* Presenter */,
				786F362C239A862F00F86DA3 /* View */,
			);
			path = MainModule;
			sourceTree = "<group>";
		};
		786F362C239A862F00F86DA3 /* View */ = {
			isa = PBXGroup;
			children = (
				786F3617239A6F8A00F86DA3 /* MainViewController.swift */,
				786F362F239A86B300F86DA3 /* MainViewController.xib */,
				786E3C0B23A00E9A007223CE /* MainTableViewCell.swift */,
				786E3C0C23A00E9A007223CE /* MainTableViewCell.xib */,
			);
			path = View;
			sourceTree = "<group>";
		};
		786F362D239A863E00F86DA3 /* Presenter */ = {
			isa = PBXGroup;
			children = (
				786F3629239A792F00F86DA3 /* MainPresenter.swift */,
			);
			path = Presenter;
			sourceTree = "<group>";
		};
		786F362E239A865600F86DA3 /* Model */ = {
			isa = PBXGroup;
			children = (
				786F3627239A788300F86DA3 /* Currency.swift */,
			);
			path = Model;
			sourceTree = "<group>";
		};
		786F3635239A9B5A00F86DA3 /* ServiceLayer */ = {
			isa = PBXGroup;
			children = (
				786F3631239A895600F86DA3 /* ModuleBuilder.swift */,
				786F3633239A9B4A00F86DA3 /* NetworkService.swift */,
				7829F80B239E8EA200797291 /* RealmService.swift */,
			);
			path = ServiceLayer;
			sourceTree = "<group>";
		};
		F3615D53DE7554E5C6D33D0C /* Pods */ = {
			isa = PBXGroup;
			children = (
				3958C5DB7DB827C939CB3452 /* Pods-Exchange Rates Test App.debug.xcconfig */,
				22A95BE503FA45D0AA877B1E /* Pods-Exchange Rates Test App.release.xcconfig */,
			);
			path = Pods;
			sourceTree = "<group>";
		};
/* End PBXGroup section */

/* Begin PBXNativeTarget section */
		786F360F239A6F8900F86DA3 /* Exchange Rates Test App */ = {
			isa = PBXNativeTarget;
			buildConfigurationList = 786F3624239A6F8C00F86DA3 /* Build configuration list for PBXNativeTarget "Exchange Rates Test App" */;
			buildPhases = (
				97680408D308F21D5FF6E4BC /* [CP] Check Pods Manifest.lock */,
				786F360C239A6F8900F86DA3 /* Sources */,
				786F360D239A6F8900F86DA3 /* Frameworks */,
				786F360E239A6F8900F86DA3 /* Resources */,
				6E5FFDA2B847AC7A66711FDA /* [CP] Embed Pods Frameworks */,
			);
			buildRules = (
			);
			dependencies = (
			);
			name = "Exchange Rates Test App";
			productName = "Exchange Rates Test App";
			productReference = 786F3610239A6F8900F86DA3 /* Exchange Rates Test App.app */;
			productType = "com.apple.product-type.application";
		};
/* End PBXNativeTarget section */

/* Begin PBXProject section */
		786F3608239A6F8900F86DA3 /* Project object */ = {
			isa = PBXProject;
			attributes = {
				LastSwiftUpdateCheck = 1120;
				LastUpgradeCheck = 1120;
				ORGANIZATIONNAME = "Olha Skulska";
				TargetAttributes = {
					786F360F239A6F8900F86DA3 = {
						CreatedOnToolsVersion = 11.2.1;
					};
				};
			};
			buildConfigurationList = 786F360B239A6F8900F86DA3 /* Build configuration list for PBXProject "Exchange Rates Test App" */;
			compatibilityVersion = "Xcode 9.3";
			developmentRegion = en;
			hasScannedForEncodings = 0;
			knownRegions = (
				en,
				Base,
			);
			mainGroup = 786F3607239A6F8900F86DA3;
			productRefGroup = 786F3611239A6F8900F86DA3 /* Products */;
			projectDirPath = "";
			projectRoot = "";
			targets = (
				786F360F239A6F8900F86DA3 /* Exchange Rates Test App */,
			);
		};
/* End PBXProject section */

/* Begin PBXResourcesBuildPhase section */
		786F360E239A6F8900F86DA3 /* Resources */ = {
			isa = PBXResourcesBuildPhase;
			buildActionMask = 2147483647;
			files = (
				786E3C0E23A00E9A007223CE /* MainTableViewCell.xib in Resources */,
				786F3620239A6F8C00F86DA3 /* LaunchScreen.storyboard in Resources */,
				786F361D239A6F8C00F86DA3 /* Assets.xcassets in Resources */,
				7829F80A239E71AD00797291 /* DetailViewController.xib in Resources */,
				786F361B239A6F8A00F86DA3 /* Main.storyboard in Resources */,
				786F3630239A86B300F86DA3 /* MainViewController.xib in Resources */,
			);
			runOnlyForDeploymentPostprocessing = 0;
		};
/* End PBXResourcesBuildPhase section */

/* Begin PBXShellScriptBuildPhase section */
		6E5FFDA2B847AC7A66711FDA /* [CP] Embed Pods Frameworks */ = {
			isa = PBXShellScriptBuildPhase;
			buildActionMask = 2147483647;
			files = (
			);
			inputFileListPaths = (
				"${PODS_ROOT}/Target Support Files/Pods-Exchange Rates Test App/Pods-Exchange Rates Test App-frameworks-${CONFIGURATION}-input-files.xcfilelist",
			);
			name = "[CP] Embed Pods Frameworks";
			outputFileListPaths = (
				"${PODS_ROOT}/Target Support Files/Pods-Exchange Rates Test App/Pods-Exchange Rates Test App-frameworks-${CONFIGURATION}-output-files.xcfilelist",
			);
			runOnlyForDeploymentPostprocessing = 0;
			shellPath = /bin/sh;
			shellScript = "\"${PODS_ROOT}/Target Support Files/Pods-Exchange Rates Test App/Pods-Exchange Rates Test App-frameworks.sh\"\n";
			showEnvVarsInLog = 0;
		};
		97680408D308F21D5FF6E4BC /* [CP] Check Pods Manifest.lock */ = {
			isa = PBXShellScriptBuildPhase;
			buildActionMask = 2147483647;
			files = (
			);
			inputFileListPaths = (
			);
			inputPaths = (
				"${PODS_PODFILE_DIR_PATH}/Podfile.lock",
				"${PODS_ROOT}/Manifest.lock",
			);
			name = "[CP] Check Pods Manifest.lock";
			outputFileListPaths = (
			);
			outputPaths = (
				"$(DERIVED_FILE_DIR)/Pods-Exchange Rates Test App-checkManifestLockResult.txt",
			);
			runOnlyForDeploymentPostprocessing = 0;
			shellPath = /bin/sh;
			shellScript = "diff \"${PODS_PODFILE_DIR_PATH}/Podfile.lock\" \"${PODS_ROOT}/Manifest.lock\" > /dev/null\nif [ $? != 0 ] ; then\n    # print error to STDERR\n    echo \"error: The sandbox is not in sync with the Podfile.lock. Run 'pod install' or update your CocoaPods installation.\" >&2\n    exit 1\nfi\n# This output is used by Xcode 'outputs' to avoid re-running this script phase.\necho \"SUCCESS\" > \"${SCRIPT_OUTPUT_FILE_0}\"\n";
			showEnvVarsInLog = 0;
		};
/* End PBXShellScriptBuildPhase section */

/* Begin PBXSourcesBuildPhase section */
		786F360C239A6F8900F86DA3 /* Sources */ = {
			isa = PBXSourcesBuildPhase;
			buildActionMask = 2147483647;
			files = (
				786E3C0D23A00E9A007223CE /* MainTableViewCell.swift in Sources */,
				7829F80C239E8EA200797291 /* RealmService.swift in Sources */,
				7829F809239E71AD00797291 /* DetailViewController.swift in Sources */,
				786F362A239A792F00F86DA3 /* MainPresenter.swift in Sources */,
				786F3628239A788300F86DA3 /* Currency.swift in Sources */,
				786F3618239A6F8A00F86DA3 /* MainViewController.swift in Sources */,
				7829F804239E6C7100797291 /* DetailPresenter.swift in Sources */,
				786F3614239A6F8A00F86DA3 /* AppDelegate.swift in Sources */,
				786F3616239A6F8A00F86DA3 /* SceneDelegate.swift in Sources */,
				786F3632239A895600F86DA3 /* ModuleBuilder.swift in Sources */,
				786F3634239A9B4A00F86DA3 /* NetworkService.swift in Sources */,
			);
			runOnlyForDeploymentPostprocessing = 0;
		};
/* End PBXSourcesBuildPhase section */

/* Begin PBXVariantGroup section */
		786F3619239A6F8A00F86DA3 /* Main.storyboard */ = {
			isa = PBXVariantGroup;
			children = (
				786F361A239A6F8A00F86DA3 /* Base */,
			);
			name = Main.storyboard;
			sourceTree = "<group>";
		};
		786F361E239A6F8C00F86DA3 /* LaunchScreen.storyboard */ = {
			isa = PBXVariantGroup;
			children = (
				786F361F239A6F8C00F86DA3 /* Base */,
			);
			name = LaunchScreen.storyboard;
			sourceTree = "<group>";
		};
/* End PBXVariantGroup section */

/* Begin XCBuildConfiguration section */
		786F3622239A6F8C00F86DA3 /* Debug */ = {
			isa = XCBuildConfiguration;
			buildSettings = {
				ALWAYS_SEARCH_USER_PATHS = NO;
				CLANG_ANALYZER_NONNULL = YES;
				CLANG_ANALYZER_NUMBER_OBJECT_CONVERSION = YES_AGGRESSIVE;
				CLANG_CXX_LANGUAGE_STANDARD = "gnu++14";
				CLANG_CXX_LIBRARY = "libc++";
				CLANG_ENABLE_MODULES = YES;
				CLANG_ENABLE_OBJC_ARC = YES;
				CLANG_ENABLE_OBJC_WEAK = YES;
				CLANG_WARN_BLOCK_CAPTURE_AUTORELEASING = YES;
				CLANG_WARN_BOOL_CONVERSION = YES;
				CLANG_WARN_COMMA = YES;
				CLANG_WARN_CONSTANT_CONVERSION = YES;
				CLANG_WARN_DEPRECATED_OBJC_IMPLEMENTATIONS = YES;
				CLANG_WARN_DIRECT_OBJC_ISA_USAGE = YES_ERROR;
				CLANG_WARN_DOCUMENTATION_COMMENTS = YES;
				CLANG_WARN_EMPTY_BODY = YES;
				CLANG_WARN_ENUM_CONVERSION = YES;
				CLANG_WARN_INFINITE_RECURSION = YES;
				CLANG_WARN_INT_CONVERSION = YES;
				CLANG_WARN_NON_LITERAL_NULL_CONVERSION = YES;
				CLANG_WARN_OBJC_IMPLICIT_RETAIN_SELF = YES;
				CLANG_WARN_OBJC_LITERAL_CONVERSION = YES;
				CLANG_WARN_OBJC_ROOT_CLASS = YES_ERROR;
				CLANG_WARN_RANGE_LOOP_ANALYSIS = YES;
				CLANG_WARN_STRICT_PROTOTYPES = YES;
				CLANG_WARN_SUSPICIOUS_MOVE = YES;
				CLANG_WARN_UNGUARDED_AVAILABILITY = YES_AGGRESSIVE;
				CLANG_WARN_UNREACHABLE_CODE = YES;
				CLANG_WARN__DUPLICATE_METHOD_MATCH = YES;
				COPY_PHASE_STRIP = NO;
				DEBUG_INFORMATION_FORMAT = dwarf;
				ENABLE_STRICT_OBJC_MSGSEND = YES;
				ENABLE_TESTABILITY = YES;
				GCC_C_LANGUAGE_STANDARD = gnu11;
				GCC_DYNAMIC_NO_PIC = NO;
				GCC_NO_COMMON_BLOCKS = YES;
				GCC_OPTIMIZATION_LEVEL = 0;
				GCC_PREPROCESSOR_DEFINITIONS = (
					"DEBUG=1",
					"$(inherited)",
				);
				GCC_WARN_64_TO_32_BIT_CONVERSION = YES;
				GCC_WARN_ABOUT_RETURN_TYPE = YES_ERROR;
				GCC_WARN_UNDECLARED_SELECTOR = YES;
				GCC_WARN_UNINITIALIZED_AUTOS = YES_AGGRESSIVE;
				GCC_WARN_UNUSED_FUNCTION = YES;
				GCC_WARN_UNUSED_VARIABLE = YES;
				IPHONEOS_DEPLOYMENT_TARGET = 13.2;
				MTL_ENABLE_DEBUG_INFO = INCLUDE_SOURCE;
				MTL_FAST_MATH = YES;
				ONLY_ACTIVE_ARCH = YES;
				SDKROOT = iphoneos;
				SWIFT_ACTIVE_COMPILATION_CONDITIONS = DEBUG;
				SWIFT_OPTIMIZATION_LEVEL = "-Onone";
			};
			name = Debug;
		};
		786F3623239A6F8C00F86DA3 /* Release */ = {
			isa = XCBuildConfiguration;
			buildSettings = {
				ALWAYS_SEARCH_USER_PATHS = NO;
				CLANG_ANALYZER_NONNULL = YES;
				CLANG_ANALYZER_NUMBER_OBJECT_CONVERSION = YES_AGGRESSIVE;
				CLANG_CXX_LANGUAGE_STANDARD = "gnu++14";
				CLANG_CXX_LIBRARY = "libc++";
				CLANG_ENABLE_MODULES = YES;
				CLANG_ENABLE_OBJC_ARC = YES;
				CLANG_ENABLE_OBJC_WEAK = YES;
				CLANG_WARN_BLOCK_CAPTURE_AUTORELEASING = YES;
				CLANG_WARN_BOOL_CONVERSION = YES;
				CLANG_WARN_COMMA = YES;
				CLANG_WARN_CONSTANT_CONVERSION = YES;
				CLANG_WARN_DEPRECATED_OBJC_IMPLEMENTATIONS = YES;
				CLANG_WARN_DIRECT_OBJC_ISA_USAGE = YES_ERROR;
				CLANG_WARN_DOCUMENTATION_COMMENTS = YES;
				CLANG_WARN_EMPTY_BODY = YES;
				CLANG_WARN_ENUM_CONVERSION = YES;
				CLANG_WARN_INFINITE_RECURSION = YES;
				CLANG_WARN_INT_CONVERSION = YES;
				CLANG_WARN_NON_LITERAL_NULL_CONVERSION = YES;
				CLANG_WARN_OBJC_IMPLICIT_RETAIN_SELF = YES;
				CLANG_WARN_OBJC_LITERAL_CONVERSION = YES;
				CLANG_WARN_OBJC_ROOT_CLASS = YES_ERROR;
				CLANG_WARN_RANGE_LOOP_ANALYSIS = YES;
				CLANG_WARN_STRICT_PROTOTYPES = YES;
				CLANG_WARN_SUSPICIOUS_MOVE = YES;
				CLANG_WARN_UNGUARDED_AVAILABILITY = YES_AGGRESSIVE;
				CLANG_WARN_UNREACHABLE_CODE = YES;
				CLANG_WARN__DUPLICATE_METHOD_MATCH = YES;
				COPY_PHASE_STRIP = NO;
				DEBUG_INFORMATION_FORMAT = "dwarf-with-dsym";
				ENABLE_NS_ASSERTIONS = NO;
				ENABLE_STRICT_OBJC_MSGSEND = YES;
				GCC_C_LANGUAGE_STANDARD = gnu11;
				GCC_NO_COMMON_BLOCKS = YES;
				GCC_WARN_64_TO_32_BIT_CONVERSION = YES;
				GCC_WARN_ABOUT_RETURN_TYPE = YES_ERROR;
				GCC_WARN_UNDECLARED_SELECTOR = YES;
				GCC_WARN_UNINITIALIZED_AUTOS = YES_AGGRESSIVE;
				GCC_WARN_UNUSED_FUNCTION = YES;
				GCC_WARN_UNUSED_VARIABLE = YES;
				IPHONEOS_DEPLOYMENT_TARGET = 13.2;
				MTL_ENABLE_DEBUG_INFO = NO;
				MTL_FAST_MATH = YES;
				SDKROOT = iphoneos;
				SWIFT_COMPILATION_MODE = wholemodule;
				SWIFT_OPTIMIZATION_LEVEL = "-O";
				VALIDATE_PRODUCT = YES;
			};
			name = Release;
		};
		786F3625239A6F8C00F86DA3 /* Debug */ = {
			isa = XCBuildConfiguration;
			baseConfigurationReference = 3958C5DB7DB827C939CB3452 /* Pods-Exchange Rates Test App.debug.xcconfig */;
			buildSettings = {
				ASSETCATALOG_COMPILER_APPICON_NAME = AppIcon;
				CODE_SIGN_STYLE = Automatic;
				DEVELOPMENT_TEAM = 45Y2D6MLXK;
				INFOPLIST_FILE = "Exchange Rates Test App/Info.plist";
				LD_RUNPATH_SEARCH_PATHS = (
					"$(inherited)",
					"@executable_path/Frameworks",
				);
				PRODUCT_BUNDLE_IDENTIFIER = "com.oskulska.Exchange-Rates-Test-App";
				PRODUCT_NAME = "$(TARGET_NAME)";
				SWIFT_VERSION = 5.0;
				TARGETED_DEVICE_FAMILY = 1;
			};
			name = Debug;
		};
		786F3626239A6F8C00F86DA3 /* Release */ = {
			isa = XCBuildConfiguration;
			baseConfigurationReference = 22A95BE503FA45D0AA877B1E /* Pods-Exchange Rates Test App.release.xcconfig */;
			buildSettings = {
				ASSETCATALOG_COMPILER_APPICON_NAME = AppIcon;
				CODE_SIGN_STYLE = Automatic;
				DEVELOPMENT_TEAM = 45Y2D6MLXK;
				INFOPLIST_FILE = "Exchange Rates Test App/Info.plist";
				LD_RUNPATH_SEARCH_PATHS = (
					"$(inherited)",
					"@executable_path/Frameworks",
				);
				PRODUCT_BUNDLE_IDENTIFIER = "com.oskulska.Exchange-Rates-Test-App";
				PRODUCT_NAME = "$(TARGET_NAME)";
				SWIFT_VERSION = 5.0;
				TARGETED_DEVICE_FAMILY = 1;
			};
			name = Release;
		};
/* End XCBuildConfiguration section */

/* Begin XCConfigurationList section */
		786F360B239A6F8900F86DA3 /* Build configuration list for PBXProject "Exchange Rates Test App" */ = {
			isa = XCConfigurationList;
			buildConfigurations = (
				786F3622239A6F8C00F86DA3 /* Debug */,
				786F3623239A6F8C00F86DA3 /* Release */,
			);
			defaultConfigurationIsVisible = 0;
			defaultConfigurationName = Release;
		};
		786F3624239A6F8C00F86DA3 /* Build configuration list for PBXNativeTarget "Exchange Rates Test App" */ = {
			isa = XCConfigurationList;
			buildConfigurations = (
				786F3625239A6F8C00F86DA3 /* Debug */,
				786F3626239A6F8C00F86DA3 /* Release */,
			);
			defaultConfigurationIsVisible = 0;
			defaultConfigurationName = Release;
		};
/* End XCConfigurationList section */
	};
	rootObject = 786F3608239A6F8900F86DA3 /* Project object */;
}
